
Microsoft Visual Studio Solution File, Format Version 12.00
# Visual Studio Version 16
VisualStudioVersion = 16.0.29418.71
MinimumVisualStudioVersion = 10.0.40219.1
Project("{2150E333-8FDC-42A3-9474-1A3956D46DE8}") = "src", "src", "{4B104FDD-B810-47AA-9BBF-D5EB5E78C8FB}"
EndProject
Project("{2150E333-8FDC-42A3-9474-1A3956D46DE8}") = "tests", "tests", "{37D4CBBB-0ADC-4D51-80EC-6F58FA4E4ECB}"
EndProject
Project("{9A19103F-16F7-4668-BE54-9A1E7A4F7556}") = "Web", "src\Web\Web.csproj", "{C350C813-DD80-4224-802A-864753210046}"
EndProject
Project("{2150E333-8FDC-42A3-9474-1A3956D46DE8}") = "Presentation", "Presentation", "{D60DB5F5-964E-4774-872D-11DEE7FA5886}"
EndProject
Project("{2150E333-8FDC-42A3-9474-1A3956D46DE8}") = "Core", "Core", "{63AA4D39-9EEF-4303-A4F1-F65570CB12EE}"
EndProject
Project("{9A19103F-16F7-4668-BE54-9A1E7A4F7556}") = "Application", "src\Application\Application.csproj", "{8E05A987-A08E-4DA3-9A37-3DC2BCADE55E}"
EndProject
Project("{FAE04EC0-301F-11D3-BF4B-00C04F79EFBC}") = "Domain", "src\Domain\Domain.csproj", "{B474A4CE-3140-4351-B402-5AAEE91E38E7}"
EndProject
Project("{2150E333-8FDC-42A3-9474-1A3956D46DE8}") = "Infrastructure", "Infrastructure", "{184DDBD3-4692-416E-975F-BF1C4A1E42C0}"
EndProject
Project("{FAE04EC0-301F-11D3-BF4B-00C04F79EFBC}") = "Infrastructure", "src\Infrastructure\Infrastructure.csproj", "{966888E9-C1FD-48CF-A734-457410E967B6}"
EndProject
Global
	GlobalSection(SolutionConfigurationPlatforms) = preSolution
		Debug|Any CPU = Debug|Any CPU
		Release|Any CPU = Release|Any CPU
	EndGlobalSection
	GlobalSection(ProjectConfigurationPlatforms) = postSolution
		{C350C813-DD80-4224-802A-864753210046}.Debug|Any CPU.ActiveCfg = Debug|Any CPU
		{C350C813-DD80-4224-802A-864753210046}.Debug|Any CPU.Build.0 = Debug|Any CPU
		{C350C813-DD80-4224-802A-864753210046}.Release|Any CPU.ActiveCfg = Release|Any CPU
		{C350C813-DD80-4224-802A-864753210046}.Release|Any CPU.Build.0 = Release|Any CPU
		{8E05A987-A08E-4DA3-9A37-3DC2BCADE55E}.Debug|Any CPU.ActiveCfg = Debug|Any CPU
		{8E05A987-A08E-4DA3-9A37-3DC2BCADE55E}.Debug|Any CPU.Build.0 = Debug|Any CPU
		{8E05A987-A08E-4DA3-9A37-3DC2BCADE55E}.Release|Any CPU.ActiveCfg = Release|Any CPU
		{8E05A987-A08E-4DA3-9A37-3DC2BCADE55E}.Release|Any CPU.Build.0 = Release|Any CPU
		{B474A4CE-3140-4351-B402-5AAEE91E38E7}.Debug|Any CPU.ActiveCfg = Debug|Any CPU
		{B474A4CE-3140-4351-B402-5AAEE91E38E7}.Debug|Any CPU.Build.0 = Debug|Any CPU
		{B474A4CE-3140-4351-B402-5AAEE91E38E7}.Release|Any CPU.ActiveCfg = Release|Any CPU
		{B474A4CE-3140-4351-B402-5AAEE91E38E7}.Release|Any CPU.Build.0 = Release|Any CPU
		{966888E9-C1FD-48CF-A734-457410E967B6}.Debug|Any CPU.ActiveCfg = Debug|Any CPU
		{966888E9-C1FD-48CF-A734-457410E967B6}.Debug|Any CPU.Build.0 = Debug|Any CPU
		{966888E9-C1FD-48CF-A734-457410E967B6}.Release|Any CPU.ActiveCfg = Release|Any CPU
		{966888E9-C1FD-48CF-A734-457410E967B6}.Release|Any CPU.Build.0 = Release|Any CPU
	EndGlobalSection
	GlobalSection(SolutionProperties) = preSolution
		HideSolutionNode = FALSE
	EndGlobalSection
	GlobalSection(NestedProjects) = preSolution
		{C350C813-DD80-4224-802A-864753210046} = {D60DB5F5-964E-4774-872D-11DEE7FA5886}
		{D60DB5F5-964E-4774-872D-11DEE7FA5886} = {4B104FDD-B810-47AA-9BBF-D5EB5E78C8FB}
		{63AA4D39-9EEF-4303-A4F1-F65570CB12EE} = {4B104FDD-B810-47AA-9BBF-D5EB5E78C8FB}
		{8E05A987-A08E-4DA3-9A37-3DC2BCADE55E} = {63AA4D39-9EEF-4303-A4F1-F65570CB12EE}
		{B474A4CE-3140-4351-B402-5AAEE91E38E7} = {63AA4D39-9EEF-4303-A4F1-F65570CB12EE}
		{184DDBD3-4692-416E-975F-BF1C4A1E42C0} = {4B104FDD-B810-47AA-9BBF-D5EB5E78C8FB}
		{966888E9-C1FD-48CF-A734-457410E967B6} = {184DDBD3-4692-416E-975F-BF1C4A1E42C0}
	EndGlobalSection
	GlobalSection(ExtensibilityGlobals) = postSolution
		SolutionGuid = {A19976C4-12E2-44BC-ADFD-D8631E2579A0}
	EndGlobalSection
EndGlobal
